
Microsoft Visual Studio Solution File, Format Version 12.00
# Visual Studio Version 17
VisualStudioVersion = 17.0.32126.317
MinimumVisualStudioVersion = 10.0.40219.1
Project("{FAE04EC0-301F-11D3-BF4B-00C04F79EFBC}") = "sesion5", "sesion5\sesion5.csproj", "{14D5074C-BDD8-4810-B510-8D217B3A6240}"
EndProject
Global
	GlobalSection(SolutionConfigurationPlatforms) = preSolution
		Debug|Any CPU = Debug|Any CPU
		Release|Any CPU = Release|Any CPU
	EndGlobalSection
	GlobalSection(ProjectConfigurationPlatforms) = postSolution
		{14D5074C-BDD8-4810-B510-8D217B3A6240}.Debug|Any CPU.ActiveCfg = Debug|Any CPU
		{14D5074C-BDD8-4810-B510-8D217B3A6240}.Debug|Any CPU.Build.0 = Debug|Any CPU
		{14D5074C-BDD8-4810-B510-8D217B3A6240}.Release|Any CPU.ActiveCfg = Release|Any CPU
		{14D5074C-BDD8-4810-B510-8D217B3A6240}.Release|Any CPU.Build.0 = Release|Any CPU
	EndGlobalSection
	GlobalSection(SolutionProperties) = preSolution
		HideSolutionNode = FALSE
	EndGlobalSection
	GlobalSection(ExtensibilityGlobals) = postSolution
		SolutionGuid = {DBC604A1-81AB-4F77-941C-E41013878270}
	EndGlobalSection
EndGlobal
